<?xml version="1.0" encoding="utf-8"?>
<Project ToolsVersion="4.0" xmlns="http://schemas.microsoft.com/developer/msbuild/2003">
  <ItemGroup>
    <Filter Include="Brute">
      <UniqueIdentifier>{A7D5E90C-13EA-11BE-DC6B-B51D483F0EEF}</UniqueIdentifier>
    </Filter>
    <Filter Include="Brute\Events">
      <UniqueIdentifier>{ABBF4FFD-9722-DFA1-40A8-17582CEAAA24}</UniqueIdentifier>
    </Filter>
  </ItemGroup>
  <ItemGroup>
    <ClInclude Include="src\Brute.h" />
    <ClInclude Include="src\Brute\Application.h">
      <Filter>Brute</Filter>
    </ClInclude>
    <ClInclude Include="src\Brute\Core.h">
      <Filter>Brute</Filter>
    </ClInclude>
    <ClInclude Include="src\Brute\EntryPoint.h">
      <Filter>Brute</Filter>
    </ClInclude>
    <ClInclude Include="src\Brute\Events\ApplicationEvent.h">
      <Filter>Brute\Events</Filter>
    </ClInclude>
    <ClInclude Include="src\Brute\Events\Event.h">
      <Filter>Brute\Events</Filter>
    </ClInclude>
    <ClInclude Include="src\Brute\Log.h">
      <Filter>Brute</Filter>
    </ClInclude>
    <ClInclude Include="src\Brute\Events\KeyEvent.h">
      <Filter>Brute\Events</Filter>
    </ClInclude>
    <ClInclude Include="src\Brute\Events\MouseEvent.h">
      <Filter>Brute\Events</Filter>
    </ClInclude>
  </ItemGroup>
  <ItemGroup>
    <ClCompile Include="src\Brute\Application.cpp">
      <Filter>Brute</Filter>
    </ClCompile>
    <ClCompile Include="src\Brute\Log.cpp">
      <Filter>Brute</Filter>
    </ClCompile>
  </ItemGroup>
</Project>