<?xml version="1.0" encoding="utf-8"?>
<Project ToolsVersion="4.0" xmlns="http://schemas.microsoft.com/developer/msbuild/2003">
  <ItemGroup>
    <Filter Include="Brute">
      <UniqueIdentifier>{A7D5E90C-13EA-11BE-DC6B-B51D483F0EEF}</UniqueIdentifier>
    </Filter>
    <Filter Include="Brute\Events">
      <UniqueIdentifier>{ABBF4FFD-9722-DFA1-40A8-17582CEAAA24}</UniqueIdentifier>
    </Filter>
    <Filter Include="Brute\ImGui">
      <UniqueIdentifier>{11AC7B36-7D61-F42B-0656-EE02720AEB2F}</UniqueIdentifier>
    </Filter>
    <Filter Include="Platform">
      <UniqueIdentifier>{2AC788B4-1694-E3BF-3FAD-D1672BD9184E}</UniqueIdentifier>
    </Filter>
    <Filter Include="Platform\Windows">
      <UniqueIdentifier>{64FBD71A-50F4-F66C-7926-DCF1657ED678}</UniqueIdentifier>
    </Filter>
  </ItemGroup>
  <ItemGroup>
    <ClInclude Include="src\Brute.h" />
    <ClInclude Include="src\Brute\Application.h">
      <Filter>Brute</Filter>
    </ClInclude>
    <ClInclude Include="src\Brute\Core.h">
      <Filter>Brute</Filter>
    </ClInclude>
    <ClInclude Include="src\Brute\EntryPoint.h">
      <Filter>Brute</Filter>
    </ClInclude>
    <ClInclude Include="src\Brute\Events\ApplicationEvent.h">
      <Filter>Brute\Events</Filter>
    </ClInclude>
    <ClInclude Include="src\Brute\Events\Event.h">
      <Filter>Brute\Events</Filter>
    </ClInclude>
    <ClInclude Include="src\Brute\Events\KeyEvent.h">
      <Filter>Brute\Events</Filter>
    </ClInclude>
    <ClInclude Include="src\Brute\Events\MouseEvent.h">
      <Filter>Brute\Events</Filter>
    </ClInclude>
    <ClInclude Include="src\Brute\ImGui\ImGuiLayer.h">
      <Filter>Brute\ImGui</Filter>
    </ClInclude>
    <ClInclude Include="src\Brute\Input.h">
      <Filter>Brute</Filter>
    </ClInclude>
    <ClInclude Include="src\Brute\KeyCodes.h">
      <Filter>Brute</Filter>
    </ClInclude>
    <ClInclude Include="src\Brute\Layer.h">
      <Filter>Brute</Filter>
    </ClInclude>
    <ClInclude Include="src\Brute\LayerStack.h">
      <Filter>Brute</Filter>
    </ClInclude>
    <ClInclude Include="src\Brute\Log.h">
      <Filter>Brute</Filter>
    </ClInclude>
    <ClInclude Include="src\Brute\MouseButtonCodes.h">
      <Filter>Brute</Filter>
    </ClInclude>
    <ClInclude Include="src\Brute\Window.h">
      <Filter>Brute</Filter>
    </ClInclude>
    <ClInclude Include="src\Platform\Windows\WindowsInput.h">
      <Filter>Platform\Windows</Filter>
    </ClInclude>
    <ClInclude Include="src\Platform\Windows\WindowsWindow.h">
      <Filter>Platform\Windows</Filter>
    </ClInclude>
    <ClInclude Include="src\btpch.h" />
    <ClInclude Include="src\Brute\Renderer\GraphicsContext.h" />
    <ClInclude Include="src\Platform\OpenGL\OpenGLContext.h" />
    <ClInclude Include="src\Brute\Renderer\Shader.h" />
    <ClInclude Include="src\Brute\Renderer\Buffer.h" />
    <ClInclude Include="src\Platform\OpenGL\OpenGLBuffer.h" />
    <ClInclude Include="src\Brute\Renderer\Renderer.h" />
    <ClInclude Include="src\Platform\OpenGL\OpenGLShader.h" />
  </ItemGroup>
  <ItemGroup>
    <ClCompile Include="src\Brute\Application.cpp">
      <Filter>Brute</Filter>
    </ClCompile>
    <ClCompile Include="src\Brute\ImGui\ImGuiBuild.cpp">
      <Filter>Brute\ImGui</Filter>
    </ClCompile>
    <ClCompile Include="src\Brute\ImGui\ImGuiLayer.cpp">
      <Filter>Brute\ImGui</Filter>
    </ClCompile>
    <ClCompile Include="src\Brute\Layer.cpp">
      <Filter>Brute</Filter>
    </ClCompile>
    <ClCompile Include="src\Brute\LayerStack.cpp">
      <Filter>Brute</Filter>
    </ClCompile>
    <ClCompile Include="src\Brute\Log.cpp">
      <Filter>Brute</Filter>
    </ClCompile>
    <ClCompile Include="src\Platform\Windows\WindowsInput.cpp">
      <Filter>Platform\Windows</Filter>
    </ClCompile>
    <ClCompile Include="src\Platform\Windows\WindowsWindow.cpp">
      <Filter>Platform\Windows</Filter>
    </ClCompile>
    <ClCompile Include="src\btpch.cpp" />
    <ClCompile Include="src\Platform\OpenGL\OpenGLContext.cpp" />
    <ClCompile Include="src\Brute\Renderer\Shader.cpp" />
    <ClCompile Include="src\Brute\Renderer\Buffer.cpp" />
    <ClCompile Include="src\Platform\OpenGL\OpenGLBuffer.cpp" />
    <ClCompile Include="src\Brute\Renderer\Renderer.cpp" />
    <ClCompile Include="src\Platform\OpenGL\OpenGLShader.cpp" />
  </ItemGroup>
</Project>